<?xml version="1.0" encoding="utf-8"?>
<Project ToolsVersion="4.0" xmlns="http://schemas.microsoft.com/developer/msbuild/2003">
  <ItemGroup>
    <Filter Include="Source Files">
      <UniqueIdentifier>{4FC737F1-C7A5-4376-A066-2A32D752A2FF}</UniqueIdentifier>
      <Extensions>cpp;c;cc;cxx;def;odl;idl;hpj;bat;asm;asmx</Extensions>
    </Filter>
    <Filter Include="Header Files">
      <UniqueIdentifier>{93995380-89BD-4b04-88EB-625FBE52EBFB}</UniqueIdentifier>
      <Extensions>h;hh;hpp;hxx;hm;inl;inc;xsd</Extensions>
    </Filter>
    <Filter Include="Resource Files">
      <UniqueIdentifier>{67DA6AB6-F800-4c08-8B7A-83BB121AAD01}</UniqueIdentifier>
      <Extensions>rc;ico;cur;bmp;dlg;rc2;rct;bin;rgs;gif;jpg;jpeg;jpe;resx;tiff;tif;png;wav;mfcribbon-ms</Extensions>
    </Filter>
    <Filter Include="Header Files\Characters">
      <UniqueIdentifier>{0034e1f8-58f6-4194-8bb6-25994b5fd723}</UniqueIdentifier>
    </Filter>
    <Filter Include="Header Files\Utilities">
      <UniqueIdentifier>{7470165e-9613-4441-918c-73d20d9fb841}</UniqueIdentifier>
    </Filter>
    <Filter Include="Header Files\Manager Classes">
      <UniqueIdentifier>{ede54b8d-fb3a-4a82-afab-2a7f4ae23fd4}</UniqueIdentifier>
    </Filter>
    <Filter Include="Source Files\Manager Classes">
      <UniqueIdentifier>{39e65657-89e4-422d-b3ff-04fabb449438}</UniqueIdentifier>
    </Filter>
    <Filter Include="Source Files\Characters">
      <UniqueIdentifier>{126e7787-8759-455a-b851-ae31b2ba3924}</UniqueIdentifier>
    </Filter>
    <Filter Include="Header Files\Components">
      <UniqueIdentifier>{b4496043-d099-4fb1-8201-e45fb27c52fc}</UniqueIdentifier>
    </Filter>
    <Filter Include="Source Files\Components">
      <UniqueIdentifier>{5b0adc04-1404-4e72-8761-55c8a5dca880}</UniqueIdentifier>
    </Filter>
    <Filter Include="Source Files\Factories">
      <UniqueIdentifier>{865ba3e7-9bc7-4548-a598-d752216e0965}</UniqueIdentifier>
    </Filter>
    <Filter Include="Header Files\Factories">
      <UniqueIdentifier>{d05aedd3-ace7-475b-9818-9679bb9649fa}</UniqueIdentifier>
    </Filter>
  </ItemGroup>
  <ItemGroup>
    <ClCompile Include="src\SoundBufferManager.cpp">
      <Filter>Source Files\Manager Classes</Filter>
    </ClCompile>
    <ClCompile Include="src\TextureManager.cpp">
      <Filter>Source Files\Manager Classes</Filter>
    </ClCompile>
    <ClCompile Include="src\Player.cpp">
      <Filter>Source Files\Characters</Filter>
    </ClCompile>
    <ClCompile Include="C_Health.cpp">
      <Filter>Source Files\Components</Filter>
    </ClCompile>
    <ClCompile Include="C_PointsOnPickup.cpp">
      <Filter>Source Files\Components</Filter>
    </ClCompile>
    <ClCompile Include="C_Title.cpp">
      <Filter>Source Files\Components</Filter>
    </ClCompile>
    <ClCompile Include="C_Transform.cpp">
      <Filter>Source Files\Components</Filter>
    </ClCompile>
    <ClCompile Include="C_PotionType.cpp">
      <Filter>Source Files\Components</Filter>
    </ClCompile>
    <ClCompile Include="C_BaseStat.cpp">
      <Filter>Source Files\Components</Filter>
    </ClCompile>
    <ClCompile Include="C_Attack.cpp">
      <Filter>Source Files\Components</Filter>
    </ClCompile>
    <ClCompile Include="C_Defense.cpp">
      <Filter>Source Files\Components</Filter>
    </ClCompile>
    <ClCompile Include="C_Strength.cpp">
      <Filter>Source Files\Components</Filter>
    </ClCompile>
    <ClCompile Include="C_Dexterity.cpp">
      <Filter>Source Files\Components</Filter>
    </ClCompile>
    <ClCompile Include="C_Stamina.cpp">
      <Filter>Source Files\Components</Filter>
    </ClCompile>
    <ClCompile Include="EntityFactory.cpp">
      <Filter>Source Files\Factories</Filter>
    </ClCompile>
    <ClCompile Include="ItemFactory.cpp">
      <Filter>Source Files\Factories</Filter>
    </ClCompile>
    <ClCompile Include="C_Mana.cpp">
      <Filter>Source Files\Components</Filter>
    </ClCompile>
    <ClCompile Include="C_AnimatedSprite.cpp">
      <Filter>Source Files\Components</Filter>
    </ClCompile>
    <ClCompile Include="C_Pathfinding.cpp">
      <Filter>Source Files\Components</Filter>
    </ClCompile>
    <ClCompile Include="C_StaticSprite.cpp">
      <Filter>Source Files\Components</Filter>
    </ClCompile>
    <ClCompile Include="C_AudioListener.cpp">
      <Filter>Source Files\Components</Filter>
    </ClCompile>
    <ClCompile Include="C_ProjectileAttack.cpp">
      <Filter>Source Files\Components</Filter>
    </ClCompile>
    <ClCompile Include="C_Tag.cpp">
      <Filter>Source Files\Components</Filter>
    </ClCompile>
    <ClCompile Include="C_SpawnItemsOnDeath.cpp">
      <Filter>Source Files\Components</Filter>
    </ClCompile>
    <ClCompile Include="C_PlaySoundOnDeath.cpp">
      <Filter>Source Files\Components</Filter>
    </ClCompile>
    <ClCompile Include="C_InstanceID.cpp">
      <Filter>Source Files\Components</Filter>
    </ClCompile>
    <ClCompile Include="C_Drawable.cpp">
      <Filter>Source Files\Components</Filter>
    </ClCompile>
    <ClCompile Include="C_Updateable.cpp">
      <Filter>Source Files\Components</Filter>
    </ClCompile>
    <ClCompile Include="C_ItemType.cpp">
      <Filter>Source Files\Components</Filter>
    </ClCompile>
    <ClCompile Include="C_Torch.cpp">
      <Filter>Source Files\Components</Filter>
    </ClCompile>
    <ClCompile Include="C_Projectile.cpp">
      <Filter>Source Files\Components</Filter>
    </ClCompile>
    <ClCompile Include="C_DirectionalAnimation.cpp">
      <Filter>Source Files\Components</Filter>
    </ClCompile>
    <ClCompile Include="C_KeyboardController.cpp">
      <Filter>Source Files\Components</Filter>
    </ClCompile>
    <ClCompile Include="C_Movement.cpp">
      <Filter>Source Files\Components</Filter>
    </ClCompile>
    <ClCompile Include="C_PlayerClass.cpp">
      <Filter>Source Files\Components</Filter>
    </ClCompile>
    <ClCompile Include="C_Collidable.cpp">
      <Filter>Source Files\Components</Filter>
    </ClCompile>
    <ClCompile Include="C_Inventory.cpp">
      <Filter>Source Files\Components</Filter>
    </ClCompile>
    <ClCompile Include="C_PlayerTorch.cpp">
      <Filter>Source Files\Components</Filter>
    </ClCompile>
    <ClCompile Include="C_Gold.cpp">
      <Filter>Source Files\Components</Filter>
    </ClCompile>
    <ClCompile Include="C_DistanceBasedCollision.cpp">
      <Filter>Source Files\Components</Filter>
    </ClCompile>
    <ClCompile Include="C_Gem.cpp">
      <Filter>Source Files\Components</Filter>
    </ClCompile>
    <ClCompile Include="C_Heart.cpp">
      <Filter>Source Files\Components</Filter>
    </ClCompile>
    <ClCompile Include="C_Key.cpp">
      <Filter>Source Files\Components</Filter>
    </ClCompile>
    <ClCompile Include="C_Potion.cpp">
      <Filter>Source Files\Components</Filter>
    </ClCompile>
    <ClCompile Include="src\Game.cpp">
      <Filter>Source Files</Filter>
    </ClCompile>
    <ClCompile Include="src\Input.cpp">
      <Filter>Source Files</Filter>
    </ClCompile>
    <ClCompile Include="src\Level.cpp">
      <Filter>Source Files</Filter>
    </ClCompile>
    <ClCompile Include="src\main.cpp">
      <Filter>Source Files</Filter>
    </ClCompile>
    <ClCompile Include="src\Object.cpp">
      <Filter>Source Files</Filter>
    </ClCompile>
    <ClCompile Include="src\PCH.cpp">
      <Filter>Source Files</Filter>
    </ClCompile>
    <ClCompile Include="SharedContext.cpp">
      <Filter>Source Files</Filter>
    </ClCompile>
    <ClCompile Include="TODO.cpp">
      <Filter>Source Files</Filter>
    </ClCompile>
    <ClCompile Include="C_ClosestTorchSoundPosition.cpp">
      <Filter>Source Files</Filter>
    </ClCompile>
    <ClCompile Include="C_OnDeathListener.cpp">
      <Filter>Source Files</Filter>
    </ClCompile>
    <ClCompile Include="C_EndLevelTileCollision.cpp">
      <Filter>Source Files</Filter>
    </ClCompile>
    <ClCompile Include="C_CentreOnMousePosition.cpp">
      <Filter>Source Files</Filter>
    </ClCompile>
  </ItemGroup>
  <ItemGroup>
    <ClInclude Include="include\Game.h">
      <Filter>Header Files</Filter>
    </ClInclude>
    <ClInclude Include="include\Input.h">
      <Filter>Header Files</Filter>
    </ClInclude>
    <ClInclude Include="include\Level.h">
      <Filter>Header Files</Filter>
    </ClInclude>
    <ClInclude Include="include\Object.h">
      <Filter>Header Files</Filter>
    </ClInclude>
    <ClInclude Include="include\PCH.h">
      <Filter>Header Files</Filter>
    </ClInclude>
    <ClInclude Include="include\Util.h">
      <Filter>Header Files\Utilities</Filter>
    </ClInclude>
    <ClInclude Include="include\SoundBufferManager.h">
      <Filter>Header Files\Manager Classes</Filter>
    </ClInclude>
    <ClInclude Include="include\TextureManager.h">
      <Filter>Header Files\Manager Classes</Filter>
    </ClInclude>
    <ClInclude Include="include\Player.h">
      <Filter>Header Files\Characters</Filter>
    </ClInclude>
    <ClInclude Include="Component.h">
      <Filter>Header Files\Components</Filter>
    </ClInclude>
    <ClInclude Include="C_Health.h">
      <Filter>Header Files\Components</Filter>
    </ClInclude>
    <ClInclude Include="C_PointsOnPickup.h">
      <Filter>Header Files\Components</Filter>
    </ClInclude>
    <ClInclude Include="C_Title.h">
      <Filter>Header Files\Components</Filter>
    </ClInclude>
    <ClInclude Include="C_Transform.h">
      <Filter>Header Files\Components</Filter>
    </ClInclude>
    <ClInclude Include="C_PotionType.h">
      <Filter>Header Files\Components</Filter>
    </ClInclude>
    <ClInclude Include="C_BaseStat.h">
      <Filter>Header Files\Components</Filter>
    </ClInclude>
    <ClInclude Include="C_Attack.h">
      <Filter>Header Files\Components</Filter>
    </ClInclude>
    <ClInclude Include="C_Defense.h">
      <Filter>Header Files\Components</Filter>
    </ClInclude>
    <ClInclude Include="C_Strength.h">
      <Filter>Header Files\Components</Filter>
    </ClInclude>
    <ClInclude Include="C_Dexterity.h">
      <Filter>Header Files\Components</Filter>
    </ClInclude>
    <ClInclude Include="C_Stamina.h">
      <Filter>Header Files\Components</Filter>
    </ClInclude>
    <ClInclude Include="EntityFactory.h">
      <Filter>Header Files\Factories</Filter>
    </ClInclude>
    <ClInclude Include="ItemFactory.h">
      <Filter>Header Files\Factories</Filter>
    </ClInclude>
    <ClInclude Include="C_Mana.h">
      <Filter>Header Files\Components</Filter>
    </ClInclude>
    <ClInclude Include="C_Pathfinding.h">
      <Filter>Header Files\Components</Filter>
    </ClInclude>
    <ClInclude Include="C_AnimatedSprite.h">
      <Filter>Header Files\Components</Filter>
    </ClInclude>
    <ClInclude Include="C_StaticSprite.h">
      <Filter>Header Files\Components</Filter>
    </ClInclude>
    <ClInclude Include="C_AudioListener.h">
      <Filter>Header Files\Components</Filter>
    </ClInclude>
    <ClInclude Include="SharedContext.h">
      <Filter>Header Files</Filter>
    </ClInclude>
    <ClInclude Include="C_Tag.h">
      <Filter>Header Files\Components</Filter>
    </ClInclude>
    <ClInclude Include="C_ProjectileAttack.h">
      <Filter>Header Files\Components</Filter>
    </ClInclude>
    <ClInclude Include="C_SpawnItemsOnDeath.h">
      <Filter>Header Files\Components</Filter>
    </ClInclude>
    <ClInclude Include="C_PlaySoundOnDeath.h">
      <Filter>Header Files\Components</Filter>
    </ClInclude>
    <ClInclude Include="C_InstanceID.h">
      <Filter>Header Files\Components</Filter>
    </ClInclude>
    <ClInclude Include="C_Drawable.h">
      <Filter>Header Files\Components</Filter>
    </ClInclude>
    <ClInclude Include="C_Updateable.h">
      <Filter>Header Files\Components</Filter>
    </ClInclude>
    <ClInclude Include="C_ItemType.h">
      <Filter>Header Files\Components</Filter>
    </ClInclude>
    <ClInclude Include="C_Torch.h">
      <Filter>Header Files\Components</Filter>
    </ClInclude>
    <ClInclude Include="C_Projectile.h">
      <Filter>Header Files\Components</Filter>
    </ClInclude>
    <ClInclude Include="C_DirectionalAnimation.h">
      <Filter>Header Files\Components</Filter>
    </ClInclude>
    <ClInclude Include="C_KeyboardController.h">
      <Filter>Header Files\Components</Filter>
    </ClInclude>
    <ClInclude Include="C_Movement.h">
      <Filter>Header Files\Components</Filter>
    </ClInclude>
    <ClInclude Include="C_PlayerClass.h">
      <Filter>Header Files\Components</Filter>
    </ClInclude>
    <ClInclude Include="C_Collidable.h">
      <Filter>Header Files\Components</Filter>
    </ClInclude>
    <ClInclude Include="C_Inventory.h">
      <Filter>Header Files\Components</Filter>
    </ClInclude>
    <ClInclude Include="C_PlayerTorch.h">
      <Filter>Header Files\Components</Filter>
    </ClInclude>
    <ClInclude Include="C_Gold.h">
      <Filter>Header Files\Components</Filter>
    </ClInclude>
    <ClInclude Include="C_DistanceBasedCollision.h">
      <Filter>Header Files\Components</Filter>
    </ClInclude>
    <ClInclude Include="C_Gem.h">
      <Filter>Header Files\Components</Filter>
    </ClInclude>
    <ClInclude Include="C_Heart.h">
      <Filter>Header Files\Components</Filter>
    </ClInclude>
    <ClInclude Include="C_Key.h">
      <Filter>Header Files\Components</Filter>
    </ClInclude>
    <ClInclude Include="C_Potion.h">
      <Filter>Header Files\Components</Filter>
    </ClInclude>
    <ClInclude Include="C_Event.h">
      <Filter>Header Files</Filter>
    </ClInclude>
    <ClInclude Include="EventHandler.h">
      <Filter>Header Files</Filter>
    </ClInclude>
    <ClInclude Include="C_OnDeathListener.h">
      <Filter>Header Files</Filter>
    </ClInclude>
    <ClInclude Include="C_ClosestTorchSoundPosition.h">
      <Filter>Header Files</Filter>
    </ClInclude>
    <ClInclude Include="C_EndLevelTileCollision.h">
      <Filter>Header Files</Filter>
    </ClInclude>
    <ClInclude Include="C_CentreOnMousePosition.h">
      <Filter>Header Files</Filter>
    </ClInclude>
  </ItemGroup>
</Project>