<?xml version="1.0" encoding="utf-8"?>
<Project ToolsVersion="4.0" xmlns="http://schemas.microsoft.com/developer/msbuild/2003">
  <ItemGroup>
    <Filter Include="Source Files">
      <UniqueIdentifier>{4FC737F1-C7A5-4376-A066-2A32D752A2FF}</UniqueIdentifier>
      <Extensions>cpp;c;cc;cxx;def;odl;idl;hpj;bat;asm;asmx</Extensions>
    </Filter>
    <Filter Include="Header Files">
      <UniqueIdentifier>{93995380-89BD-4b04-88EB-625FBE52EBFB}</UniqueIdentifier>
      <Extensions>h;hh;hpp;hxx;hm;inl;inc;xsd</Extensions>
    </Filter>
    <Filter Include="Resource Files">
      <UniqueIdentifier>{67DA6AB6-F800-4c08-8B7A-83BB121AAD01}</UniqueIdentifier>
      <Extensions>rc;ico;cur;bmp;dlg;rc2;rct;bin;rgs;gif;jpg;jpeg;jpe;resx;tiff;tif;png;wav;mfcribbon-ms</Extensions>
    </Filter>
    <Filter Include="Source Files\Items">
      <UniqueIdentifier>{726acf9f-89e8-493c-bc03-e2c4dff9da5c}</UniqueIdentifier>
    </Filter>
    <Filter Include="Header Files\Items">
      <UniqueIdentifier>{2c1f17f0-1735-404a-adba-440b45d3cc21}</UniqueIdentifier>
    </Filter>
    <Filter Include="Header Files\Characters">
      <UniqueIdentifier>{0034e1f8-58f6-4194-8bb6-25994b5fd723}</UniqueIdentifier>
    </Filter>
    <Filter Include="Header Files\Utilities">
      <UniqueIdentifier>{7470165e-9613-4441-918c-73d20d9fb841}</UniqueIdentifier>
    </Filter>
    <Filter Include="Header Files\Manager Classes">
      <UniqueIdentifier>{ede54b8d-fb3a-4a82-afab-2a7f4ae23fd4}</UniqueIdentifier>
    </Filter>
    <Filter Include="Source Files\Manager Classes">
      <UniqueIdentifier>{39e65657-89e4-422d-b3ff-04fabb449438}</UniqueIdentifier>
    </Filter>
    <Filter Include="Header Files\Items\Environment">
      <UniqueIdentifier>{99a6506d-1579-4b48-b6cc-2f7e909e1097}</UniqueIdentifier>
    </Filter>
    <Filter Include="Source Files\Items\Environment">
      <UniqueIdentifier>{e755797f-cbfe-470e-bf93-30b9bab9001f}</UniqueIdentifier>
    </Filter>
    <Filter Include="Source Files\Characters">
      <UniqueIdentifier>{126e7787-8759-455a-b851-ae31b2ba3924}</UniqueIdentifier>
    </Filter>
    <Filter Include="Source Files\Characters\Enemies">
      <UniqueIdentifier>{04b3795c-51fc-45bb-8f43-d384c6a1da89}</UniqueIdentifier>
    </Filter>
    <Filter Include="Header Files\Characters\Enemies">
      <UniqueIdentifier>{b885cf11-c405-42c3-8422-a57d57f06fbf}</UniqueIdentifier>
    </Filter>
    <Filter Include="Header Files\Components">
      <UniqueIdentifier>{b4496043-d099-4fb1-8201-e45fb27c52fc}</UniqueIdentifier>
    </Filter>
    <Filter Include="Source Files\Components">
      <UniqueIdentifier>{5b0adc04-1404-4e72-8761-55c8a5dca880}</UniqueIdentifier>
    </Filter>
    <Filter Include="Source Files\Factories">
      <UniqueIdentifier>{865ba3e7-9bc7-4548-a598-d752216e0965}</UniqueIdentifier>
    </Filter>
    <Filter Include="Header Files\Factories">
      <UniqueIdentifier>{d05aedd3-ace7-475b-9818-9679bb9649fa}</UniqueIdentifier>
    </Filter>
  </ItemGroup>
  <ItemGroup>
    <ClCompile Include="src\Game.cpp">
      <Filter>Source Files</Filter>
    </ClCompile>
    <ClCompile Include="src\Input.cpp">
      <Filter>Source Files</Filter>
    </ClCompile>
    <ClCompile Include="src\Level.cpp">
      <Filter>Source Files</Filter>
    </ClCompile>
    <ClCompile Include="src\main.cpp">
      <Filter>Source Files</Filter>
    </ClCompile>
    <ClCompile Include="src\Object.cpp">
      <Filter>Source Files</Filter>
    </ClCompile>
    <ClCompile Include="src\PCH.cpp">
      <Filter>Source Files</Filter>
    </ClCompile>
    <ClCompile Include="src\SoundBufferManager.cpp">
      <Filter>Source Files\Manager Classes</Filter>
    </ClCompile>
    <ClCompile Include="src\TextureManager.cpp">
      <Filter>Source Files\Manager Classes</Filter>
    </ClCompile>
    <ClCompile Include="src\Item.cpp">
      <Filter>Source Files\Items</Filter>
    </ClCompile>
    <ClCompile Include="src\Projectile.cpp">
      <Filter>Source Files\Items</Filter>
    </ClCompile>
    <ClCompile Include="src\Torch.cpp">
      <Filter>Source Files\Items\Environment</Filter>
    </ClCompile>
    <ClCompile Include="src\Entity.cpp">
      <Filter>Source Files\Characters</Filter>
    </ClCompile>
    <ClCompile Include="src\Player.cpp">
      <Filter>Source Files\Characters</Filter>
    </ClCompile>
    <ClCompile Include="src\Enemy.cpp">
      <Filter>Source Files\Characters\Enemies</Filter>
    </ClCompile>
    <ClCompile Include="src\Humanoid.cpp">
      <Filter>Source Files\Characters\Enemies</Filter>
    </ClCompile>
    <ClCompile Include="TODO.cpp">
      <Filter>Source Files</Filter>
    </ClCompile>
    <ClCompile Include="C_Health.cpp">
      <Filter>Source Files\Components</Filter>
    </ClCompile>
    <ClCompile Include="C_PointsOnPickup.cpp">
      <Filter>Source Files\Components</Filter>
    </ClCompile>
    <ClCompile Include="C_Sprite.cpp">
      <Filter>Source Files\Components</Filter>
    </ClCompile>
    <ClCompile Include="C_Title.cpp">
      <Filter>Source Files\Components</Filter>
    </ClCompile>
    <ClCompile Include="C_Transform.cpp">
      <Filter>Source Files\Components</Filter>
    </ClCompile>
    <ClCompile Include="C_PotionType.cpp">
      <Filter>Source Files\Components</Filter>
    </ClCompile>
    <ClCompile Include="C_BaseStat.cpp">
      <Filter>Source Files\Components</Filter>
    </ClCompile>
    <ClCompile Include="C_Attack.cpp">
      <Filter>Source Files\Components</Filter>
    </ClCompile>
    <ClCompile Include="C_Defense.cpp">
      <Filter>Source Files\Components</Filter>
    </ClCompile>
    <ClCompile Include="C_Strength.cpp">
      <Filter>Source Files\Components</Filter>
    </ClCompile>
    <ClCompile Include="C_Dexterity.cpp">
      <Filter>Source Files\Components</Filter>
    </ClCompile>
    <ClCompile Include="C_Stamina.cpp">
      <Filter>Source Files\Components</Filter>
    </ClCompile>
    <ClCompile Include="EntityFactory.cpp">
      <Filter>Source Files\Factories</Filter>
    </ClCompile>
    <ClCompile Include="ItemFactory.cpp">
      <Filter>Source Files\Factories</Filter>
    </ClCompile>
    <ClCompile Include="C_Mana.cpp">
      <Filter>Source Files\Components</Filter>
    </ClCompile>
    <ClCompile Include="C_Pathfinding.cpp">
      <Filter>Source Files</Filter>
    </ClCompile>
  </ItemGroup>
  <ItemGroup>
    <ClInclude Include="include\Game.h">
      <Filter>Header Files</Filter>
    </ClInclude>
    <ClInclude Include="include\Input.h">
      <Filter>Header Files</Filter>
    </ClInclude>
    <ClInclude Include="include\Level.h">
      <Filter>Header Files</Filter>
    </ClInclude>
    <ClInclude Include="include\Object.h">
      <Filter>Header Files</Filter>
    </ClInclude>
    <ClInclude Include="include\PCH.h">
      <Filter>Header Files</Filter>
    </ClInclude>
    <ClInclude Include="include\Util.h">
      <Filter>Header Files\Utilities</Filter>
    </ClInclude>
    <ClInclude Include="include\SoundBufferManager.h">
      <Filter>Header Files\Manager Classes</Filter>
    </ClInclude>
    <ClInclude Include="include\TextureManager.h">
      <Filter>Header Files\Manager Classes</Filter>
    </ClInclude>
    <ClInclude Include="include\Item.h">
      <Filter>Header Files\Items</Filter>
    </ClInclude>
    <ClInclude Include="include\Projectile.h">
      <Filter>Header Files\Items</Filter>
    </ClInclude>
    <ClInclude Include="include\Torch.h">
      <Filter>Header Files\Items\Environment</Filter>
    </ClInclude>
    <ClInclude Include="include\Entity.h">
      <Filter>Header Files\Characters</Filter>
    </ClInclude>
    <ClInclude Include="include\Player.h">
      <Filter>Header Files\Characters</Filter>
    </ClInclude>
    <ClInclude Include="include\Enemy.h">
      <Filter>Header Files\Characters\Enemies</Filter>
    </ClInclude>
    <ClInclude Include="include\Humanoid.h">
      <Filter>Header Files\Characters\Enemies</Filter>
    </ClInclude>
    <ClInclude Include="Component.h">
      <Filter>Header Files\Components</Filter>
    </ClInclude>
    <ClInclude Include="C_Health.h">
      <Filter>Header Files\Components</Filter>
    </ClInclude>
    <ClInclude Include="C_PointsOnPickup.h">
      <Filter>Header Files\Components</Filter>
    </ClInclude>
    <ClInclude Include="C_Sprite.h">
      <Filter>Header Files\Components</Filter>
    </ClInclude>
    <ClInclude Include="C_Title.h">
      <Filter>Header Files\Components</Filter>
    </ClInclude>
    <ClInclude Include="C_Transform.h">
      <Filter>Header Files\Components</Filter>
    </ClInclude>
    <ClInclude Include="C_PotionType.h">
      <Filter>Header Files\Components</Filter>
    </ClInclude>
    <ClInclude Include="C_BaseStat.h">
      <Filter>Header Files\Components</Filter>
    </ClInclude>
    <ClInclude Include="C_Attack.h">
      <Filter>Header Files\Components</Filter>
    </ClInclude>
    <ClInclude Include="C_Defense.h">
      <Filter>Header Files\Components</Filter>
    </ClInclude>
    <ClInclude Include="C_Strength.h">
      <Filter>Header Files\Components</Filter>
    </ClInclude>
    <ClInclude Include="C_Dexterity.h">
      <Filter>Header Files\Components</Filter>
    </ClInclude>
    <ClInclude Include="C_Stamina.h">
      <Filter>Header Files\Components</Filter>
    </ClInclude>
    <ClInclude Include="EntityFactory.h">
      <Filter>Header Files\Factories</Filter>
    </ClInclude>
    <ClInclude Include="ItemFactory.h">
      <Filter>Header Files\Factories</Filter>
    </ClInclude>
    <ClInclude Include="C_Mana.h">
      <Filter>Header Files\Components</Filter>
    </ClInclude>
    <ClInclude Include="C_Pathfinding.h">
      <Filter>Header Files</Filter>
    </ClInclude>
  </ItemGroup>
</Project>